
Microsoft Visual Studio Solution File, Format Version 12.00
# Visual Studio Version 17
VisualStudioVersion = 17.0.31903.59
MinimumVisualStudioVersion = 10.0.40219.1
Project("{FAE04EC0-301F-11D3-BF4B-00C04F79EFBC}") = "DynamoDbTestAPI", "DynamoDbTestAPI\DynamoDbTestAPI.csproj", "{CF5992F8-FAD7-4C02-B0C3-A905A5350040}"
EndProject
Project("{FAE04EC0-301F-11D3-BF4B-00C04F79EFBC}") = "DynamoDbTests", "DynamoDbTests\DynamoDbTests.csproj", "{99CCD795-1FFA-468B-8188-30C8F8F70FBB}"
EndProject
Global
	GlobalSection(SolutionConfigurationPlatforms) = preSolution
		Debug|Any CPU = Debug|Any CPU
		Release|Any CPU = Release|Any CPU
	EndGlobalSection
	GlobalSection(SolutionProperties) = preSolution
		HideSolutionNode = FALSE
	EndGlobalSection
	GlobalSection(ProjectConfigurationPlatforms) = postSolution
		{CF5992F8-FAD7-4C02-B0C3-A905A5350040}.Debug|Any CPU.ActiveCfg = Debug|Any CPU
		{CF5992F8-FAD7-4C02-B0C3-A905A5350040}.Debug|Any CPU.Build.0 = Debug|Any CPU
		{CF5992F8-FAD7-4C02-B0C3-A905A5350040}.Release|Any CPU.ActiveCfg = Release|Any CPU
		{CF5992F8-FAD7-4C02-B0C3-A905A5350040}.Release|Any CPU.Build.0 = Release|Any CPU
		{99CCD795-1FFA-468B-8188-30C8F8F70FBB}.Debug|Any CPU.ActiveCfg = Debug|Any CPU
		{99CCD795-1FFA-468B-8188-30C8F8F70FBB}.Debug|Any CPU.Build.0 = Debug|Any CPU
		{99CCD795-1FFA-468B-8188-30C8F8F70FBB}.Release|Any CPU.ActiveCfg = Release|Any CPU
		{99CCD795-1FFA-468B-8188-30C8F8F70FBB}.Release|Any CPU.Build.0 = Release|Any CPU
	EndGlobalSection
EndGlobal
